{
  "name": "@ahryman40k/ts-fhir-types",
  "version": "4.0.1",
  "lockfileVersion": 1,
  "requires": true,
  "dependencies": {
    "fp-ts": {
      "version": "1.14.4",
      "resolved": "https://registry.npmjs.org/fp-ts/-/fp-ts-1.14.4.tgz",
      "integrity": "sha512-A20kqVBpV/VOpDmEDudb+FP/qOV+V/yEqHQQfHPHLHeX3alFM0JjX1cXNcU8+p8z5yeCkHFolKo7uJMRwUSMFA=="
    },
    "io-ts": {
      "version": "1.8.2",
      "resolved": "https://registry.npmjs.org/io-ts/-/io-ts-1.8.2.tgz",
      "integrity": "sha512-BvP7iC4bgum5e3Fh82xCUrKWt739osKjmQBMORGij2AOMfTmevj8SEqBhN8EeI0GEwIMHb2bXe4fuikN0lsTWg==",
      "requires": {
        "fp-ts": "^1.0.0"
      }
    }
  }
}
